
Microsoft Visual Studio Solution File, Format Version 12.00
# Visual Studio Version 16
VisualStudioVersion = 16.0.34729.46
MinimumVisualStudioVersion = 10.0.40219.1
Project("{FAE04EC0-301F-11D3-BF4B-00C04F79EFBC}") = "WpfApp1", "WpfApp1\WpfApp1.csproj", "{AABE608F-D449-42CB-80B1-51E51C3AFB4F}"
EndProject
Global
	GlobalSection(SolutionConfigurationPlatforms) = preSolution
		Debug|Any CPU = Debug|Any CPU
		Release|Any CPU = Release|Any CPU
	EndGlobalSection
	GlobalSection(ProjectConfigurationPlatforms) = postSolution
		{AABE608F-D449-42CB-80B1-51E51C3AFB4F}.Debug|Any CPU.ActiveCfg = Debug|Any CPU
		{AABE608F-D449-42CB-80B1-51E51C3AFB4F}.Debug|Any CPU.Build.0 = Debug|Any CPU
		{AABE608F-D449-42CB-80B1-51E51C3AFB4F}.Release|Any CPU.ActiveCfg = Release|Any CPU
		{AABE608F-D449-42CB-80B1-51E51C3AFB4F}.Release|Any CPU.Build.0 = Release|Any CPU
	EndGlobalSection
	GlobalSection(SolutionProperties) = preSolution
		HideSolutionNode = FALSE
	EndGlobalSection
	GlobalSection(ExtensibilityGlobals) = postSolution
		SolutionGuid = {8AE98404-931E-4298-9B1B-C50FE42253B4}
	EndGlobalSection
EndGlobal
